
Microsoft Visual Studio Solution File, Format Version 12.00
# Visual Studio Version 17
VisualStudioVersion = 17.2.32630.192
MinimumVisualStudioVersion = 10.0.40219.1
Project("{9A19103F-16F7-4668-BE54-9A1E7A4F7556}") = "CountryApi", "CountryApi\CountryApi.csproj", "{54F07F05-ED0E-4B1D-B1BF-225295140B47}"
EndProject
Project("{9A19103F-16F7-4668-BE54-9A1E7A4F7556}") = "CountriesDemo", "..\CountriesDemo\CountriesDemo\CountriesDemo.csproj", "{AC29E7FE-3633-4E45-9EAC-DD771954EE2E}"
EndProject
Global
	GlobalSection(SolutionConfigurationPlatforms) = preSolution
		Debug|Any CPU = Debug|Any CPU
		Release|Any CPU = Release|Any CPU
	EndGlobalSection
	GlobalSection(ProjectConfigurationPlatforms) = postSolution
		{54F07F05-ED0E-4B1D-B1BF-225295140B47}.Debug|Any CPU.ActiveCfg = Debug|Any CPU
		{54F07F05-ED0E-4B1D-B1BF-225295140B47}.Debug|Any CPU.Build.0 = Debug|Any CPU
		{54F07F05-ED0E-4B1D-B1BF-225295140B47}.Release|Any CPU.ActiveCfg = Release|Any CPU
		{54F07F05-ED0E-4B1D-B1BF-225295140B47}.Release|Any CPU.Build.0 = Release|Any CPU
		{AC29E7FE-3633-4E45-9EAC-DD771954EE2E}.Debug|Any CPU.ActiveCfg = Debug|Any CPU
		{AC29E7FE-3633-4E45-9EAC-DD771954EE2E}.Debug|Any CPU.Build.0 = Debug|Any CPU
		{AC29E7FE-3633-4E45-9EAC-DD771954EE2E}.Release|Any CPU.ActiveCfg = Release|Any CPU
		{AC29E7FE-3633-4E45-9EAC-DD771954EE2E}.Release|Any CPU.Build.0 = Release|Any CPU
	EndGlobalSection
	GlobalSection(SolutionProperties) = preSolution
		HideSolutionNode = FALSE
	EndGlobalSection
	GlobalSection(ExtensibilityGlobals) = postSolution
		SolutionGuid = {8F96B2E9-D04F-4D5D-BD51-D54417BF2991}
	EndGlobalSection
EndGlobal
